
Microsoft Visual Studio Solution File, Format Version 12.00
# Visual Studio 14
VisualStudioVersion = 14.0.25123.0
MinimumVisualStudioVersion = 10.0.40219.1
Project("{FAE04EC0-301F-11D3-BF4B-00C04F79EFBC}") = "Viswanath_Pamarthi_Project2", "Viswanath_Pamarthi_Project2\Viswanath_Pamarthi_Project2.csproj", "{B786ED03-51C4-4542-A42F-2B93EEAB0FEB}"
EndProject
Global
	GlobalSection(SolutionConfigurationPlatforms) = preSolution
		Debug|Any CPU = Debug|Any CPU
		Release|Any CPU = Release|Any CPU
	EndGlobalSection
	GlobalSection(ProjectConfigurationPlatforms) = postSolution
		{B786ED03-51C4-4542-A42F-2B93EEAB0FEB}.Debug|Any CPU.ActiveCfg = Debug|Any CPU
		{B786ED03-51C4-4542-A42F-2B93EEAB0FEB}.Debug|Any CPU.Build.0 = Debug|Any CPU
		{B786ED03-51C4-4542-A42F-2B93EEAB0FEB}.Release|Any CPU.ActiveCfg = Release|Any CPU
		{B786ED03-51C4-4542-A42F-2B93EEAB0FEB}.Release|Any CPU.Build.0 = Release|Any CPU
	EndGlobalSection
	GlobalSection(SolutionProperties) = preSolution
		HideSolutionNode = FALSE
	EndGlobalSection
EndGlobal
